
Microsoft Visual Studio Solution File, Format Version 12.00
# Visual Studio Version 16
VisualStudioVersion = 16.0.28729.10
MinimumVisualStudioVersion = 10.0.40219.1
Project("{FAE04EC0-301F-11D3-BF4B-00C04F79EFBC}") = "RabbitMQApi", "RabbitMQApi\RabbitMQApi.csproj", "{3B415140-2109-4650-80F0-7ED00C006869}"
EndProject
Project("{FAE04EC0-301F-11D3-BF4B-00C04F79EFBC}") = "RabbitMQ.Messages", "RabbitMQ.Messages\RabbitMQ.Messages.csproj", "{85FA9CEC-3728-4760-9148-D8981D8BC2E6}"
EndProject
Project("{FAE04EC0-301F-11D3-BF4B-00C04F79EFBC}") = "RabbitMQ.OrderProcessor", "RabbitMQ.OrderProcessor\RabbitMQ.OrderProcessor.csproj", "{4252DC09-9D3A-438A-BF7C-8570DD1DCBAC}"
EndProject
Global
	GlobalSection(SolutionConfigurationPlatforms) = preSolution
		Debug|Any CPU = Debug|Any CPU
		Release|Any CPU = Release|Any CPU
	EndGlobalSection
	GlobalSection(ProjectConfigurationPlatforms) = postSolution
		{3B415140-2109-4650-80F0-7ED00C006869}.Debug|Any CPU.ActiveCfg = Debug|Any CPU
		{3B415140-2109-4650-80F0-7ED00C006869}.Debug|Any CPU.Build.0 = Debug|Any CPU
		{3B415140-2109-4650-80F0-7ED00C006869}.Release|Any CPU.ActiveCfg = Release|Any CPU
		{3B415140-2109-4650-80F0-7ED00C006869}.Release|Any CPU.Build.0 = Release|Any CPU
		{85FA9CEC-3728-4760-9148-D8981D8BC2E6}.Debug|Any CPU.ActiveCfg = Debug|Any CPU
		{85FA9CEC-3728-4760-9148-D8981D8BC2E6}.Debug|Any CPU.Build.0 = Debug|Any CPU
		{85FA9CEC-3728-4760-9148-D8981D8BC2E6}.Release|Any CPU.ActiveCfg = Release|Any CPU
		{85FA9CEC-3728-4760-9148-D8981D8BC2E6}.Release|Any CPU.Build.0 = Release|Any CPU
		{4252DC09-9D3A-438A-BF7C-8570DD1DCBAC}.Debug|Any CPU.ActiveCfg = Debug|Any CPU
		{4252DC09-9D3A-438A-BF7C-8570DD1DCBAC}.Debug|Any CPU.Build.0 = Debug|Any CPU
		{4252DC09-9D3A-438A-BF7C-8570DD1DCBAC}.Release|Any CPU.ActiveCfg = Release|Any CPU
		{4252DC09-9D3A-438A-BF7C-8570DD1DCBAC}.Release|Any CPU.Build.0 = Release|Any CPU
	EndGlobalSection
	GlobalSection(SolutionProperties) = preSolution
		HideSolutionNode = FALSE
	EndGlobalSection
	GlobalSection(ExtensibilityGlobals) = postSolution
		SolutionGuid = {1A10AE34-062F-4FA7-B113-D08AFD0D309F}
	EndGlobalSection
EndGlobal
